{
  "name": "english",
  "requires": true,
  "lockfileVersion": 1,
  "dependencies": {
    "bootstrap-select": {
      "version": "1.13.7",
      "resolved": "https://registry.npmjs.org/bootstrap-select/-/bootstrap-select-1.13.7.tgz",
      "integrity": "sha512-B5eSmAqh9sYGOic1o39h5M8Cx1QC6mgWHwjD3qUFICRd+RWb6FFH2+bCCPBXavu++GvdIoslLVVvNGX9A5BcuA=="
    }
  }
}
